{
    "name": "dbclib",
    "version": "1.0.0",
    "lockfileVersion": 1,
    "requires": true,
    "dependencies": {
        "js-base64": {
            "version": "3.6.1",
            "resolved": "https://registry.npmjs.org/js-base64/-/js-base64-3.6.1.tgz",
            "integrity": "sha512-Frdq2+tRRGLQUIQOgsIGSCd1VePCS2fsddTG5dTCqR0JHgltXWfsxnY0gIXPoMeRmdom6Oyq+UMOFg5suduOjQ=="
        }
    }
}
